{
  "version": 1,
  "dependencies": {
    "net8.0-windows7.0": {
      "DalamudPackager": {
        "type": "Direct",
        "requested": "[11.0.0, )",
        "resolved": "11.0.0",
        "contentHash": "bjT7XUlhIJSmsE/O76b7weUX+evvGQctbQB8aKXt94o+oPWxHpCepxAGMs7Thow3AzCyqWs7cOpp9/2wcgRRQA=="
      },
      "NLua": {
        "type": "Direct",
        "requested": "[1.7.2, )",
        "resolved": "1.7.2",
        "contentHash": "Eh/Nyois3Y4pObgAR8MDsiq5npSQcmEq7IkM50TfkZ8Pb+kV1HMWmaKLl6fFy6ydAzG67L3l3KQseZpBxjI6zw==",
        "dependencies": {
          "KeraLua": "1.4.1"
        }
      },
      "KeraLua": {
        "type": "Transitive",
        "resolved": "1.4.1",
        "contentHash": "SHfGjaWED+nHxMWbIqAVN90bs5xLnOOojuQaSSzZqJAKXSzcDi94ikr/7GQxM1/4ny/tKnnGHSKkOQyZ65572Q=="
      }
    }
  }
}